
Microsoft Visual Studio Solution File, Format Version 12.00
# Visual Studio Version 17
VisualStudioVersion = 17.9.34728.123
MinimumVisualStudioVersion = 10.0.40219.1
Project("{FAE04EC0-301F-11D3-BF4B-00C04F79EFBC}") = "CapaPresentacion", "ProyectoReservas\CapaPresentacion.csproj", "{3C892B3B-7F93-4AE9-8457-219DC8D5FF27}"
EndProject
Project("{FAE04EC0-301F-11D3-BF4B-00C04F79EFBC}") = "CapaDatos", "CapaDatos\CapaDatos.csproj", "{F3492F31-2343-4516-858C-38FCA87FCA8E}"
EndProject
Project("{FAE04EC0-301F-11D3-BF4B-00C04F79EFBC}") = "CapaNegocios", "CapaNegocios\CapaNegocios.csproj", "{0D8AD190-B1D8-424E-9498-80D1DA910636}"
EndProject
Global
	GlobalSection(SolutionConfigurationPlatforms) = preSolution
		Debug|Any CPU = Debug|Any CPU
		Release|Any CPU = Release|Any CPU
	EndGlobalSection
	GlobalSection(ProjectConfigurationPlatforms) = postSolution
		{3C892B3B-7F93-4AE9-8457-219DC8D5FF27}.Debug|Any CPU.ActiveCfg = Debug|Any CPU
		{3C892B3B-7F93-4AE9-8457-219DC8D5FF27}.Debug|Any CPU.Build.0 = Debug|Any CPU
		{3C892B3B-7F93-4AE9-8457-219DC8D5FF27}.Release|Any CPU.ActiveCfg = Release|Any CPU
		{3C892B3B-7F93-4AE9-8457-219DC8D5FF27}.Release|Any CPU.Build.0 = Release|Any CPU
		{F3492F31-2343-4516-858C-38FCA87FCA8E}.Debug|Any CPU.ActiveCfg = Debug|Any CPU
		{F3492F31-2343-4516-858C-38FCA87FCA8E}.Debug|Any CPU.Build.0 = Debug|Any CPU
		{F3492F31-2343-4516-858C-38FCA87FCA8E}.Release|Any CPU.ActiveCfg = Release|Any CPU
		{F3492F31-2343-4516-858C-38FCA87FCA8E}.Release|Any CPU.Build.0 = Release|Any CPU
		{0D8AD190-B1D8-424E-9498-80D1DA910636}.Debug|Any CPU.ActiveCfg = Debug|Any CPU
		{0D8AD190-B1D8-424E-9498-80D1DA910636}.Debug|Any CPU.Build.0 = Debug|Any CPU
		{0D8AD190-B1D8-424E-9498-80D1DA910636}.Release|Any CPU.ActiveCfg = Release|Any CPU
		{0D8AD190-B1D8-424E-9498-80D1DA910636}.Release|Any CPU.Build.0 = Release|Any CPU
	EndGlobalSection
	GlobalSection(SolutionProperties) = preSolution
		HideSolutionNode = FALSE
	EndGlobalSection
	GlobalSection(ExtensibilityGlobals) = postSolution
		SolutionGuid = {BEF1CD48-7834-4617-A81C-3D264DB99494}
	EndGlobalSection
EndGlobal
